
Microsoft Visual Studio Solution File, Format Version 12.00
# Visual Studio Version 16
VisualStudioVersion = 16.0.29424.173
MinimumVisualStudioVersion = 10.0.40219.1
Project("{9A19103F-16F7-4668-BE54-9A1E7A4F7556}") = "TattleTrail", "TattleTrail\TattleTrail.csproj", "{A0C798A3-01EF-413A-BE53-A08CC4A90C74}"
EndProject
Project("{9A19103F-16F7-4668-BE54-9A1E7A4F7556}") = "TattleTrail.Test", "TattleTrail.Test\TattleTrail.Test.csproj", "{07CB7857-3FBB-4539-9EB5-AF4721BD2226}"
EndProject
Global
	GlobalSection(SolutionConfigurationPlatforms) = preSolution
		Debug|Any CPU = Debug|Any CPU
		Release|Any CPU = Release|Any CPU
	EndGlobalSection
	GlobalSection(ProjectConfigurationPlatforms) = postSolution
		{A0C798A3-01EF-413A-BE53-A08CC4A90C74}.Debug|Any CPU.ActiveCfg = Debug|Any CPU
		{A0C798A3-01EF-413A-BE53-A08CC4A90C74}.Debug|Any CPU.Build.0 = Debug|Any CPU
		{A0C798A3-01EF-413A-BE53-A08CC4A90C74}.Release|Any CPU.ActiveCfg = Release|Any CPU
		{A0C798A3-01EF-413A-BE53-A08CC4A90C74}.Release|Any CPU.Build.0 = Release|Any CPU
		{07CB7857-3FBB-4539-9EB5-AF4721BD2226}.Debug|Any CPU.ActiveCfg = Debug|Any CPU
		{07CB7857-3FBB-4539-9EB5-AF4721BD2226}.Debug|Any CPU.Build.0 = Debug|Any CPU
		{07CB7857-3FBB-4539-9EB5-AF4721BD2226}.Release|Any CPU.ActiveCfg = Release|Any CPU
		{07CB7857-3FBB-4539-9EB5-AF4721BD2226}.Release|Any CPU.Build.0 = Release|Any CPU
	EndGlobalSection
	GlobalSection(SolutionProperties) = preSolution
		HideSolutionNode = FALSE
	EndGlobalSection
	GlobalSection(ExtensibilityGlobals) = postSolution
		SolutionGuid = {36B15440-94EF-47E2-8636-176E75785CB6}
	EndGlobalSection
EndGlobal
